
Microsoft Visual Studio Solution File, Format Version 12.00
# Visual Studio 2015
Project("{FAE04EC0-301F-11D3-BF4B-00C04F79EFBC}") = "KinectShooting.CSharp.Plugins", "KinectShooting.CSharp.Plugins.csproj", "{DFFD4F31-6C68-A0F8-F168-973863246631}"
EndProject
Project("{FAE04EC0-301F-11D3-BF4B-00C04F79EFBC}") = "KinectShooting.CSharp", "KinectShooting.CSharp.csproj", "{70845F57-269E-C744-EBE6-527D53725B6B}"
EndProject
Project("{FAE04EC0-301F-11D3-BF4B-00C04F79EFBC}") = "KinectShooting.CSharp.Editor.Plugins", "KinectShooting.CSharp.Editor.Plugins.csproj", "{7E14CC42-D842-DB66-396C-DE7187277DB9}"
EndProject
Global
	GlobalSection(SolutionConfigurationPlatforms) = preSolution
		Debug|Any CPU = Debug|Any CPU
		Release|Any CPU = Release|Any CPU
	EndGlobalSection
	GlobalSection(ProjectConfigurationPlatforms) = postSolution
		{DFFD4F31-6C68-A0F8-F168-973863246631}.Debug|Any CPU.ActiveCfg = Debug|Any CPU
		{DFFD4F31-6C68-A0F8-F168-973863246631}.Debug|Any CPU.Build.0 = Debug|Any CPU
		{DFFD4F31-6C68-A0F8-F168-973863246631}.Release|Any CPU.ActiveCfg = Release|Any CPU
		{DFFD4F31-6C68-A0F8-F168-973863246631}.Release|Any CPU.Build.0 = Release|Any CPU
		{70845F57-269E-C744-EBE6-527D53725B6B}.Debug|Any CPU.ActiveCfg = Debug|Any CPU
		{70845F57-269E-C744-EBE6-527D53725B6B}.Debug|Any CPU.Build.0 = Debug|Any CPU
		{70845F57-269E-C744-EBE6-527D53725B6B}.Release|Any CPU.ActiveCfg = Release|Any CPU
		{70845F57-269E-C744-EBE6-527D53725B6B}.Release|Any CPU.Build.0 = Release|Any CPU
		{7E14CC42-D842-DB66-396C-DE7187277DB9}.Debug|Any CPU.ActiveCfg = Debug|Any CPU
		{7E14CC42-D842-DB66-396C-DE7187277DB9}.Debug|Any CPU.Build.0 = Debug|Any CPU
		{7E14CC42-D842-DB66-396C-DE7187277DB9}.Release|Any CPU.ActiveCfg = Release|Any CPU
		{7E14CC42-D842-DB66-396C-DE7187277DB9}.Release|Any CPU.Build.0 = Release|Any CPU
	EndGlobalSection
	GlobalSection(SolutionProperties) = preSolution
		HideSolutionNode = FALSE
	EndGlobalSection
EndGlobal
